
Microsoft Visual Studio Solution File, Format Version 12.00
# Visual Studio Version 17
VisualStudioVersion = 17.14.36221.1 d17.14
MinimumVisualStudioVersion = 10.0.40219.1
Project("{FAE04EC0-301F-11D3-BF4B-00C04F79EFBC}") = "Cogwork Waltz", "Cogwork Waltz.csproj", "{CA62B586-4CEF-7882-153A-12314059D2A7}"
EndProject
Global
	GlobalSection(SolutionConfigurationPlatforms) = preSolution
		Debug|Any CPU = Debug|Any CPU
		Release|Any CPU = Release|Any CPU
	EndGlobalSection
	GlobalSection(ProjectConfigurationPlatforms) = postSolution
		{CA62B586-4CEF-7882-153A-12314059D2A7}.Debug|Any CPU.ActiveCfg = Debug|Any CPU
		{CA62B586-4CEF-7882-153A-12314059D2A7}.Debug|Any CPU.Build.0 = Debug|Any CPU
		{CA62B586-4CEF-7882-153A-12314059D2A7}.Release|Any CPU.ActiveCfg = Release|Any CPU
		{CA62B586-4CEF-7882-153A-12314059D2A7}.Release|Any CPU.Build.0 = Release|Any CPU
	EndGlobalSection
	GlobalSection(SolutionProperties) = preSolution
		HideSolutionNode = FALSE
	EndGlobalSection
	GlobalSection(ExtensibilityGlobals) = postSolution
		SolutionGuid = {C9D229CA-D7BE-4392-AB49-F698278C1806}
	EndGlobalSection
EndGlobal
